{
  "name": "server",
  "lockfileVersion": 2,
  "requires": true,
  "packages": {
    "": {
      "dependencies": {
        "lodash": "^4.17.21",
        "nodemailer": "^6.7.1"
      }
    },
    "node_modules/lodash": {
      "version": "4.17.21",
      "resolved": "https://registry.npmjs.org/lodash/-/lodash-4.17.21.tgz",
      "integrity": "sha512-v2kDEe57lecTulaDIuNTPy3Ry4gLGJ6Z1O3vE1krgXZNrsQ+LFTGHVxVjcXPs17LhbZVGedAJv8XZ1tvj5FvSg=="
    },
    "node_modules/nodemailer": {
      "version": "6.7.1",
      "resolved": "https://registry.npmjs.org/nodemailer/-/nodemailer-6.7.1.tgz",
      "integrity": "sha512-E1C8G3rnXrGjznwGP1k+OrW5k4rl0XtqTEB19f7vtJAMYwfxZVSsAu2iY5xJkrZsbVYr6PwwAwRmFlakPoFC0A==",
      "engines": {
        "node": ">=6.0.0"
      }
    }
  },
  "dependencies": {
    "lodash": {
      "version": "4.17.21",
      "resolved": "https://registry.npmjs.org/lodash/-/lodash-4.17.21.tgz",
      "integrity": "sha512-v2kDEe57lecTulaDIuNTPy3Ry4gLGJ6Z1O3vE1krgXZNrsQ+LFTGHVxVjcXPs17LhbZVGedAJv8XZ1tvj5FvSg=="
    },
    "nodemailer": {
      "version": "6.7.1",
      "resolved": "https://registry.npmjs.org/nodemailer/-/nodemailer-6.7.1.tgz",
      "integrity": "sha512-E1C8G3rnXrGjznwGP1k+OrW5k4rl0XtqTEB19f7vtJAMYwfxZVSsAu2iY5xJkrZsbVYr6PwwAwRmFlakPoFC0A=="
    }
  }
}
